
Microsoft Visual Studio Solution File, Format Version 12.00
# Visual Studio Version 17
VisualStudioVersion = 17.2.32630.192
MinimumVisualStudioVersion = 10.0.40219.1
Project("{FAE04EC0-301F-11D3-BF4B-00C04F79EFBC}") = "Find_A_Way", "Find_A_Way\Find_A_Way.csproj", "{6365BE35-D1B7-4C6E-A9A3-5937C4BC32BB}"
EndProject
Global
	GlobalSection(SolutionConfigurationPlatforms) = preSolution
		Debug|Any CPU = Debug|Any CPU
		Release|Any CPU = Release|Any CPU
	EndGlobalSection
	GlobalSection(ProjectConfigurationPlatforms) = postSolution
		{6365BE35-D1B7-4C6E-A9A3-5937C4BC32BB}.Debug|Any CPU.ActiveCfg = Debug|Any CPU
		{6365BE35-D1B7-4C6E-A9A3-5937C4BC32BB}.Debug|Any CPU.Build.0 = Debug|Any CPU
		{6365BE35-D1B7-4C6E-A9A3-5937C4BC32BB}.Release|Any CPU.ActiveCfg = Release|Any CPU
		{6365BE35-D1B7-4C6E-A9A3-5937C4BC32BB}.Release|Any CPU.Build.0 = Release|Any CPU
	EndGlobalSection
	GlobalSection(SolutionProperties) = preSolution
		HideSolutionNode = FALSE
	EndGlobalSection
	GlobalSection(ExtensibilityGlobals) = postSolution
		SolutionGuid = {286ED35E-C398-47A5-8D67-C73A8600BD10}
	EndGlobalSection
EndGlobal
